// !$*UTF8*$!
{
	archiveVersion = 1;
	classes = {
	};
	objectVersion = 50;
	objects = {

/* Begin PBXBuildFile section */
		9AF35FC12605FD000068375C /* AppDelegate.swift in Sources */ = {isa = PBXBuildFile; fileRef = 9AF35FC02605FD000068375C /* AppDelegate.swift */; };
		9AF35FC32605FD000068375C /* SceneDelegate.swift in Sources */ = {isa = PBXBuildFile; fileRef = 9AF35FC22605FD000068375C /* SceneDelegate.swift */; };
		9AF35FC52605FD000068375C /* ViewController.swift in Sources */ = {isa = PBXBuildFile; fileRef = 9AF35FC42605FD000068375C /* ViewController.swift */; };
		9AF35FC82605FD000068375C /* Main.storyboard in Resources */ = {isa = PBXBuildFile; fileRef = 9AF35FC62605FD000068375C /* Main.storyboard */; };
		9AF35FCA2605FD040068375C /* Assets.xcassets in Resources */ = {isa = PBXBuildFile; fileRef = 9AF35FC92605FD040068375C /* Assets.xcassets */; };
		9AF35FCD2605FD040068375C /* LaunchScreen.storyboard in Resources */ = {isa = PBXBuildFile; fileRef = 9AF35FCB2605FD040068375C /* LaunchScreen.storyboard */; };
		9AF35FD62605FDF30068375C /* CustomVIew.swift in Sources */ = {isa = PBXBuildFile; fileRef = 9AF35FD52605FDF30068375C /* CustomVIew.swift */; };
/* End PBXBuildFile section */

/* Begin PBXFileReference section */
		9AF35FBD2605FD000068375C /* CGContext.app */ = {isa = PBXFileReference; explicitFileType = wrapper.application; includeInIndex = 0; path = CGContext.app; sourceTree = BUILT_PRODUCTS_DIR; };
		9AF35FC02605FD000068375C /* AppDelegate.swift */ = {isa = PBXFileReference; lastKnownFileType = sourcecode.swift; path = AppDelegate.swift; sourceTree = "<group>"; };
		9AF35FC22605FD000068375C /* SceneDelegate.swift */ = {isa = PBXFileReference; lastKnownFileType = sourcecode.swift; path = SceneDelegate.swift; sourceTree = "<group>"; };
		9AF35FC42605FD000068375C /* ViewController.swift */ = {isa = PBXFileReference; lastKnownFileType = sourcecode.swift; path = ViewController.swift; sourceTree = "<group>"; };
		9AF35FC72605FD000068375C /* Base */ = {isa = PBXFileReference; lastKnownFileType = file.storyboard; name = Base; path = Base.lproj/Main.storyboard; sourceTree = "<group>"; };
		9AF35FC92605FD040068375C /* Assets.xcassets */ = {isa = PBXFileReference; lastKnownFileType = folder.assetcatalog; path = Assets.xcassets; sourceTree = "<group>"; };
		9AF35FCC2605FD040068375C /* Base */ = {isa = PBXFileReference; lastKnownFileType = file.storyboard; name = Base; path = Base.lproj/LaunchScreen.storyboard; sourceTree = "<group>"; };
		9AF35FCE2605FD040068375C /* Info.plist */ = {isa = PBXFileReference; lastKnownFileType = text.plist.xml; path = Info.plist; sourceTree = "<group>"; };
		9AF35FD52605FDF30068375C /* CustomVIew.swift */ = {isa = PBXFileReference; lastKnownFileType = sourcecode.swift; path = CustomVIew.swift; sourceTree = "<group>"; };
/* End PBXFileReference section */

/* Begin PBXFrameworksBuildPhase section */
		9AF35FBA2605FD000068375C /* Frameworks */ = {
			isa = PBXFrameworksBuildPhase;
			buildActionMask = 2147483647;
			files = (
			);
			runOnlyForDeploymentPostprocessing = 0;
		};
/* End PBXFrameworksBuildPhase section */

/* Begin PBXGroup section */
		9AF35FB42605FD000068375C = {
			isa = PBXGroup;
			children = (
				9AF35FBF2605FD000068375C /* CGContext */,
				9AF35FBE2605FD000068375C /* Products */,
			);
			sourceTree = "<group>";
		};
		9AF35FBE2605FD000068375C /* Products */ = {
			isa = PBXGroup;
			children = (
				9AF35FBD2605FD000068375C /* CGContext.app */,
			);
			name = Products;
			sourceTree = "<group>";
		};
		9AF35FBF2605FD000068375C /* CGContext */ = {
			isa = PBXGroup;
			children = (
				9AF35FC02605FD000068375C /* AppDelegate.swift */,
				9AF35FC22605FD000068375C /* SceneDelegate.swift */,
				9AF35FC42605FD000068375C /* ViewController.swift */,
				9AF35FC62605FD000068375C /* Main.storyboard */,
				9AF35FC92605FD040068375C /* Assets.xcassets */,
				9AF35FCB2605FD040068375C /* LaunchScreen.storyboard */,
				9AF35FCE2605FD040068375C /* Info.plist */,
				9AF35FD52605FDF30068375C /* CustomVIew.swift */,
			);
			path = CGContext;
			sourceTree = "<group>";
		};
/* End PBXGroup section */

/* Begin PBXNativeTarget section */
		9AF35FBC2605FD000068375C /* CGContext */ = {
			isa = PBXNativeTarget;
			buildConfigurationList = 9AF35FD12605FD040068375C /* Build configuration list for PBXNativeTarget "CGContext" */;
			buildPhases = (
				9AF35FB92605FD000068375C /* Sources */,
				9AF35FBA2605FD000068375C /* Frameworks */,
				9AF35FBB2605FD000068375C /* Resources */,
			);
			buildRules = (
			);
			dependencies = (
			);
			name = CGContext;
			productName = CGContext;
			productReference = 9AF35FBD2605FD000068375C /* CGContext.app */;
			productType = "com.apple.product-type.application";
		};
/* End PBXNativeTarget section */

/* Begin PBXProject section */
		9AF35FB52605FD000068375C /* Project object */ = {
			isa = PBXProject;
			attributes = {
				LastSwiftUpdateCheck = 1220;
				LastUpgradeCheck = 1220;
				TargetAttributes = {
					9AF35FBC2605FD000068375C = {
						CreatedOnToolsVersion = 12.2;
					};
				};
			};
			buildConfigurationList = 9AF35FB82605FD000068375C /* Build configuration list for PBXProject "CGContext" */;
			compatibilityVersion = "Xcode 9.3";
			developmentRegion = en;
			hasScannedForEncodings = 0;
			knownRegions = (
				en,
				Base,
			);
			mainGroup = 9AF35FB42605FD000068375C;
			productRefGroup = 9AF35FBE2605FD000068375C /* Products */;
			projectDirPath = "";
			projectRoot = "";
			targets = (
				9AF35FBC2605FD000068375C /* CGContext */,
			);
		};
/* End PBXProject section */

/* Begin PBXResourcesBuildPhase section */
		9AF35FBB2605FD000068375C /* Resources */ = {
			isa = PBXResourcesBuildPhase;
			buildActionMask = 2147483647;
			files = (
				9AF35FCD2605FD040068375C /* LaunchScreen.storyboard in Resources */,
				9AF35FCA2605FD040068375C /* Assets.xcassets in Resources */,
				9AF35FC82605FD000068375C /* Main.storyboard in Resources */,
			);
			runOnlyForDeploymentPostprocessing = 0;
		};
/* End PBXResourcesBuildPhase section */

/* Begin PBXSourcesBuildPhase section */
		9AF35FB92605FD000068375C /* Sources */ = {
			isa = PBXSourcesBuildPhase;
			buildActionMask = 2147483647;
			files = (
				9AF35FC52605FD000068375C /* ViewController.swift in Sources */,
				9AF35FD62605FDF30068375C /* CustomVIew.swift in Sources */,
				9AF35FC12605FD000068375C /* AppDelegate.swift in Sources */,
				9AF35FC32605FD000068375C /* SceneDelegate.swift in Sources */,
			);
			runOnlyForDeploymentPostprocessing = 0;
		};
/* End PBXSourcesBuildPhase section */

/* Begin PBXVariantGroup section */
		9AF35FC62605FD000068375C /* Main.storyboard */ = {
			isa = PBXVariantGroup;
			children = (
				9AF35FC72605FD000068375C /* Base */,
			);
			name = Main.storyboard;
			sourceTree = "<group>";
		};
		9AF35FCB2605FD040068375C /* LaunchScreen.storyboard */ = {
			isa = PBXVariantGroup;
			children = (
				9AF35FCC2605FD040068375C /* Base */,
			);
			name = LaunchScreen.storyboard;
			sourceTree = "<group>";
		};
/* End PBXVariantGroup section */

/* Begin XCBuildConfiguration section */
		9AF35FCF2605FD040068375C /* Debug */ = {
			isa = XCBuildConfiguration;
			buildSettings = {
				ALWAYS_SEARCH_USER_PATHS = NO;
				CLANG_ANALYZER_NONNULL = YES;
				CLANG_ANALYZER_NUMBER_OBJECT_CONVERSION = YES_AGGRESSIVE;
				CLANG_CXX_LANGUAGE_STANDARD = "gnu++14";
				CLANG_CXX_LIBRARY = "libc++";
				CLANG_ENABLE_MODULES = YES;
				CLANG_ENABLE_OBJC_ARC = YES;
				CLANG_ENABLE_OBJC_WEAK = YES;
				CLANG_WARN_BLOCK_CAPTURE_AUTORELEASING = YES;
				CLANG_WARN_BOOL_CONVERSION = YES;
				CLANG_WARN_COMMA = YES;
				CLANG_WARN_CONSTANT_CONVERSION = YES;
				CLANG_WARN_DEPRECATED_OBJC_IMPLEMENTATIONS = YES;
				CLANG_WARN_DIRECT_OBJC_ISA_USAGE = YES_ERROR;
				CLANG_WARN_DOCUMENTATION_COMMENTS = YES;
				CLANG_WARN_EMPTY_BODY = YES;
				CLANG_WARN_ENUM_CONVERSION = YES;
				CLANG_WARN_INFINITE_RECURSION = YES;
				CLANG_WARN_INT_CONVERSION = YES;
				CLANG_WARN_NON_LITERAL_NULL_CONVERSION = YES;
				CLANG_WARN_OBJC_IMPLICIT_RETAIN_SELF = YES;
				CLANG_WARN_OBJC_LITERAL_CONVERSION = YES;
				CLANG_WARN_OBJC_ROOT_CLASS = YES_ERROR;
				CLANG_WARN_QUOTED_INCLUDE_IN_FRAMEWORK_HEADER = YES;
				CLANG_WARN_RANGE_LOOP_ANALYSIS = YES;
				CLANG_WARN_STRICT_PROTOTYPES = YES;
				CLANG_WARN_SUSPICIOUS_MOVE = YES;
				CLANG_WARN_UNGUARDED_AVAILABILITY = YES_AGGRESSIVE;
				CLANG_WARN_UNREACHABLE_CODE = YES;
				CLANG_WARN__DUPLICATE_METHOD_MATCH = YES;
				COPY_PHASE_STRIP = NO;
				DEBUG_INFORMATION_FORMAT = dwarf;
				ENABLE_STRICT_OBJC_MSGSEND = YES;
				ENABLE_TESTABILITY = YES;
				GCC_C_LANGUAGE_STANDARD = gnu11;
				GCC_DYNAMIC_NO_PIC = NO;
				GCC_NO_COMMON_BLOCKS = YES;
				GCC_OPTIMIZATION_LEVEL = 0;
				GCC_PREPROCESSOR_DEFINITIONS = (
					"DEBUG=1",
					"$(inherited)",
				);
				GCC_WARN_64_TO_32_BIT_CONVERSION = YES;
				GCC_WARN_ABOUT_RETURN_TYPE = YES_ERROR;
				GCC_WARN_UNDECLARED_SELECTOR = YES;
				GCC_WARN_UNINITIALIZED_AUTOS = YES_AGGRESSIVE;
				GCC_WARN_UNUSED_FUNCTION = YES;
				GCC_WARN_UNUSED_VARIABLE = YES;
				IPHONEOS_DEPLOYMENT_TARGET = 14.2;
				MTL_ENABLE_DEBUG_INFO = INCLUDE_SOURCE;
				MTL_FAST_MATH = YES;
				ONLY_ACTIVE_ARCH = YES;
				SDKROOT = iphoneos;
				SWIFT_ACTIVE_COMPILATION_CONDITIONS = DEBUG;
				SWIFT_OPTIMIZATION_LEVEL = "-Onone";
			};
			name = Debug;
		};
		9AF35FD02605FD040068375C /* Release */ = {
			isa = XCBuildConfiguration;
			buildSettings = {
				ALWAYS_SEARCH_USER_PATHS = NO;
				CLANG_ANALYZER_NONNULL = YES;
				CLANG_ANALYZER_NUMBER_OBJECT_CONVERSION = YES_AGGRESSIVE;
				CLANG_CXX_LANGUAGE_STANDARD = "gnu++14";
				CLANG_CXX_LIBRARY = "libc++";
				CLANG_ENABLE_MODULES = YES;
				CLANG_ENABLE_OBJC_ARC = YES;
				CLANG_ENABLE_OBJC_WEAK = YES;
				CLANG_WARN_BLOCK_CAPTURE_AUTORELEASING = YES;
				CLANG_WARN_BOOL_CONVERSION = YES;
				CLANG_WARN_COMMA = YES;
				CLANG_WARN_CONSTANT_CONVERSION = YES;
				CLANG_WARN_DEPRECATED_OBJC_IMPLEMENTATIONS = YES;
				CLANG_WARN_DIRECT_OBJC_ISA_USAGE = YES_ERROR;
				CLANG_WARN_DOCUMENTATION_COMMENTS = YES;
				CLANG_WARN_EMPTY_BODY = YES;
				CLANG_WARN_ENUM_CONVERSION = YES;
				CLANG_WARN_INFINITE_RECURSION = YES;
				CLANG_WARN_INT_CONVERSION = YES;
				CLANG_WARN_NON_LITERAL_NULL_CONVERSION = YES;
				CLANG_WARN_OBJC_IMPLICIT_RETAIN_SELF = YES;
				CLANG_WARN_OBJC_LITERAL_CONVERSION = YES;
				CLANG_WARN_OBJC_ROOT_CLASS = YES_ERROR;
				CLANG_WARN_QUOTED_INCLUDE_IN_FRAMEWORK_HEADER = YES;
				CLANG_WARN_RANGE_LOOP_ANALYSIS = YES;
				CLANG_WARN_STRICT_PROTOTYPES = YES;
				CLANG_WARN_SUSPICIOUS_MOVE = YES;
				CLANG_WARN_UNGUARDED_AVAILABILITY = YES_AGGRESSIVE;
				CLANG_WARN_UNREACHABLE_CODE = YES;
				CLANG_WARN__DUPLICATE_METHOD_MATCH = YES;
				COPY_PHASE_STRIP = NO;
				DEBUG_INFORMATION_FORMAT = "dwarf-with-dsym";
				ENABLE_NS_ASSERTIONS = NO;
				ENABLE_STRICT_OBJC_MSGSEND = YES;
				GCC_C_LANGUAGE_STANDARD = gnu11;
				GCC_NO_COMMON_BLOCKS = YES;
				GCC_WARN_64_TO_32_BIT_CONVERSION = YES;
				GCC_WARN_ABOUT_RETURN_TYPE = YES_ERROR;
				GCC_WARN_UNDECLARED_SELECTOR = YES;
				GCC_WARN_UNINITIALIZED_AUTOS = YES_AGGRESSIVE;
				GCC_WARN_UNUSED_FUNCTION = YES;
				GCC_WARN_UNUSED_VARIABLE = YES;
				IPHONEOS_DEPLOYMENT_TARGET = 14.2;
				MTL_ENABLE_DEBUG_INFO = NO;
				MTL_FAST_MATH = YES;
				SDKROOT = iphoneos;
				SWIFT_COMPILATION_MODE = wholemodule;
				SWIFT_OPTIMIZATION_LEVEL = "-O";
				VALIDATE_PRODUCT = YES;
			};
			name = Release;
		};
		9AF35FD22605FD040068375C /* Debug */ = {
			isa = XCBuildConfiguration;
			buildSettings = {
				ASSETCATALOG_COMPILER_APPICON_NAME = AppIcon;
				ASSETCATALOG_COMPILER_GLOBAL_ACCENT_COLOR_NAME = AccentColor;
				CODE_SIGN_STYLE = Automatic;
				INFOPLIST_FILE = CGContext/Info.plist;
				LD_RUNPATH_SEARCH_PATHS = (
					"$(inherited)",
					"@executable_path/Frameworks",
				);
				PRODUCT_BUNDLE_IDENTIFIER = safonova.CGContext;
				PRODUCT_NAME = "$(TARGET_NAME)";
				SWIFT_VERSION = 5.0;
				TARGETED_DEVICE_FAMILY = "1,2";
			};
			name = Debug;
		};
		9AF35FD32605FD040068375C /* Release */ = {
			isa = XCBuildConfiguration;
			buildSettings = {
				ASSETCATALOG_COMPILER_APPICON_NAME = AppIcon;
				ASSETCATALOG_COMPILER_GLOBAL_ACCENT_COLOR_NAME = AccentColor;
				CODE_SIGN_STYLE = Automatic;
				INFOPLIST_FILE = CGContext/Info.plist;
				LD_RUNPATH_SEARCH_PATHS = (
					"$(inherited)",
					"@executable_path/Frameworks",
				);
				PRODUCT_BUNDLE_IDENTIFIER = safonova.CGContext;
				PRODUCT_NAME = "$(TARGET_NAME)";
				SWIFT_VERSION = 5.0;
				TARGETED_DEVICE_FAMILY = "1,2";
			};
			name = Release;
		};
/* End XCBuildConfiguration section */

/* Begin XCConfigurationList section */
		9AF35FB82605FD000068375C /* Build configuration list for PBXProject "CGContext" */ = {
			isa = XCConfigurationList;
			buildConfigurations = (
				9AF35FCF2605FD040068375C /* Debug */,
				9AF35FD02605FD040068375C /* Release */,
			);
			defaultConfigurationIsVisible = 0;
			defaultConfigurationName = Release;
		};
		9AF35FD12605FD040068375C /* Build configuration list for PBXNativeTarget "CGContext" */ = {
			isa = XCConfigurationList;
			buildConfigurations = (
				9AF35FD22605FD040068375C /* Debug */,
				9AF35FD32605FD040068375C /* Release */,
			);
			defaultConfigurationIsVisible = 0;
			defaultConfigurationName = Release;
		};
/* End XCConfigurationList section */
	};
	rootObject = 9AF35FB52605FD000068375C /* Project object */;
}
